
Microsoft Visual Studio Solution File, Format Version 12.00
# Visual Studio Version 17
VisualStudioVersion = 17.9.34622.214
MinimumVisualStudioVersion = 10.0.40219.1
Project("{FAE04EC0-301F-11D3-BF4B-00C04F79EFBC}") = "Rainfall.API", "Rainfall.API\Rainfall.API.csproj", "{7E6C5F7D-27BC-4312-A1C2-012DAF0B0113}"
EndProject
Global
	GlobalSection(SolutionConfigurationPlatforms) = preSolution
		Debug|Any CPU = Debug|Any CPU
		Release|Any CPU = Release|Any CPU
	EndGlobalSection
	GlobalSection(ProjectConfigurationPlatforms) = postSolution
		{7E6C5F7D-27BC-4312-A1C2-012DAF0B0113}.Debug|Any CPU.ActiveCfg = Debug|Any CPU
		{7E6C5F7D-27BC-4312-A1C2-012DAF0B0113}.Debug|Any CPU.Build.0 = Debug|Any CPU
		{7E6C5F7D-27BC-4312-A1C2-012DAF0B0113}.Release|Any CPU.ActiveCfg = Release|Any CPU
		{7E6C5F7D-27BC-4312-A1C2-012DAF0B0113}.Release|Any CPU.Build.0 = Release|Any CPU
	EndGlobalSection
	GlobalSection(SolutionProperties) = preSolution
		HideSolutionNode = FALSE
	EndGlobalSection
	GlobalSection(ExtensibilityGlobals) = postSolution
		SolutionGuid = {3EDF4FF2-CD55-4A77-9244-BDD987064534}
	EndGlobalSection
EndGlobal
