
Microsoft Visual Studio Solution File, Format Version 12.00
# Visual Studio Version 17
VisualStudioVersion = 17.9.34622.214
MinimumVisualStudioVersion = 10.0.40219.1
Project("{9A19103F-16F7-4668-BE54-9A1E7A4F7556}") = "Rainfall.API", "Rainfall.API\Rainfall.API.csproj", "{7E6C5F7D-27BC-4312-A1C2-012DAF0B0113}"
EndProject
Project("{9A19103F-16F7-4668-BE54-9A1E7A4F7556}") = "Rainfall.Service", "Rainfall.Service\Rainfall.Service.csproj", "{1463055A-610A-4376-A488-DB237BFCAEBB}"
EndProject
Project("{9A19103F-16F7-4668-BE54-9A1E7A4F7556}") = "Rainfall.UnitTest", "Rainfall.UnitTest\Rainfall.UnitTest.csproj", "{90556712-7D34-4B1B-88CB-441A991A5BF7}"
EndProject
Project("{9A19103F-16F7-4668-BE54-9A1E7A4F7556}") = "Rainfall.Common", "Rainfall.Common\Rainfall.Common.csproj", "{54F40FB3-8596-498D-AC16-93805D89045A}"
EndProject
Project("{9A19103F-16F7-4668-BE54-9A1E7A4F7556}") = "Rainfall.Model", "Rainfall.Model\Rainfall.Model.csproj", "{0B13E841-794D-4C42-BE3E-1690D852EADE}"
EndProject
Project("{FAE04EC0-301F-11D3-BF4B-00C04F79EFBC}") = "Rainfall.Repository", "Rainfall.Repository\Rainfall.Repository.csproj", "{7B01877B-3748-443C-A73E-A79A42A2640C}"
EndProject
Global
	GlobalSection(SolutionConfigurationPlatforms) = preSolution
		Debug|Any CPU = Debug|Any CPU
		Release|Any CPU = Release|Any CPU
	EndGlobalSection
	GlobalSection(ProjectConfigurationPlatforms) = postSolution
		{7E6C5F7D-27BC-4312-A1C2-012DAF0B0113}.Debug|Any CPU.ActiveCfg = Debug|Any CPU
		{7E6C5F7D-27BC-4312-A1C2-012DAF0B0113}.Debug|Any CPU.Build.0 = Debug|Any CPU
		{7E6C5F7D-27BC-4312-A1C2-012DAF0B0113}.Release|Any CPU.ActiveCfg = Release|Any CPU
		{7E6C5F7D-27BC-4312-A1C2-012DAF0B0113}.Release|Any CPU.Build.0 = Release|Any CPU
		{1463055A-610A-4376-A488-DB237BFCAEBB}.Debug|Any CPU.ActiveCfg = Debug|Any CPU
		{1463055A-610A-4376-A488-DB237BFCAEBB}.Debug|Any CPU.Build.0 = Debug|Any CPU
		{1463055A-610A-4376-A488-DB237BFCAEBB}.Release|Any CPU.ActiveCfg = Release|Any CPU
		{1463055A-610A-4376-A488-DB237BFCAEBB}.Release|Any CPU.Build.0 = Release|Any CPU
		{90556712-7D34-4B1B-88CB-441A991A5BF7}.Debug|Any CPU.ActiveCfg = Debug|Any CPU
		{90556712-7D34-4B1B-88CB-441A991A5BF7}.Debug|Any CPU.Build.0 = Debug|Any CPU
		{90556712-7D34-4B1B-88CB-441A991A5BF7}.Release|Any CPU.ActiveCfg = Release|Any CPU
		{90556712-7D34-4B1B-88CB-441A991A5BF7}.Release|Any CPU.Build.0 = Release|Any CPU
		{54F40FB3-8596-498D-AC16-93805D89045A}.Debug|Any CPU.ActiveCfg = Debug|Any CPU
		{54F40FB3-8596-498D-AC16-93805D89045A}.Debug|Any CPU.Build.0 = Debug|Any CPU
		{54F40FB3-8596-498D-AC16-93805D89045A}.Release|Any CPU.ActiveCfg = Release|Any CPU
		{54F40FB3-8596-498D-AC16-93805D89045A}.Release|Any CPU.Build.0 = Release|Any CPU
		{0B13E841-794D-4C42-BE3E-1690D852EADE}.Debug|Any CPU.ActiveCfg = Debug|Any CPU
		{0B13E841-794D-4C42-BE3E-1690D852EADE}.Debug|Any CPU.Build.0 = Debug|Any CPU
		{0B13E841-794D-4C42-BE3E-1690D852EADE}.Release|Any CPU.ActiveCfg = Release|Any CPU
		{0B13E841-794D-4C42-BE3E-1690D852EADE}.Release|Any CPU.Build.0 = Release|Any CPU
		{7B01877B-3748-443C-A73E-A79A42A2640C}.Debug|Any CPU.ActiveCfg = Debug|Any CPU
		{7B01877B-3748-443C-A73E-A79A42A2640C}.Debug|Any CPU.Build.0 = Debug|Any CPU
		{7B01877B-3748-443C-A73E-A79A42A2640C}.Release|Any CPU.ActiveCfg = Release|Any CPU
		{7B01877B-3748-443C-A73E-A79A42A2640C}.Release|Any CPU.Build.0 = Release|Any CPU
	EndGlobalSection
	GlobalSection(SolutionProperties) = preSolution
		HideSolutionNode = FALSE
	EndGlobalSection
	GlobalSection(ExtensibilityGlobals) = postSolution
		SolutionGuid = {3EDF4FF2-CD55-4A77-9244-BDD987064534}
	EndGlobalSection
EndGlobal
